<Solution>
  <Folder Name="/src/">
    <Project Path="ExternalApiSimulator/ExternalApiSimulator.csproj" Id="73dca0fa-d270-4b06-ade4-ba09ff74d887" />
    <Project Path="Processor.API/Processor.API.csproj" />
    <Project Path="Processor.Worker/Processor.Worker.csproj" />
  </Folder>
  <Folder Name="/src/Modules/">
    <Project Path="Modules.Processing/Modules.Processing.csproj" />
    <Project Path="Modules.Records/Modules.Records.csproj" />
  </Folder>
</Solution>
